<?xml version="1.0" encoding="utf-8"?>
<Project ToolsVersion="4.0" xmlns="http://schemas.microsoft.com/developer/msbuild/2003">
  <ItemGroup>
    <Filter Include="jsonxx">
      <UniqueIdentifier>{93995380-89BD-4b04-88EB-625FBE52EBFB}</UniqueIdentifier>
      <Extensions>h;hh;hpp;hxx;hm;inl;inc;xsd</Extensions>
    </Filter>
    <Filter Include="tests">
      <UniqueIdentifier>{4FC737F1-C7A5-4376-A066-2A32D752A2FF}</UniqueIdentifier>
      <Extensions>cpp;c;cc;cxx;def;odl;idl;hpj;bat;asm;asmx</Extensions>
    </Filter>
  </ItemGroup>
  <ItemGroup>
    <ClCompile Include="test_basic_json.cpp">
      <Filter>tests</Filter>
    </ClCompile>
    <ClCompile Include="test_parser.cpp">
      <Filter>tests</Filter>
    </ClCompile>
    <ClCompile Include="test_serializer.cpp">
      <Filter>tests</Filter>
    </ClCompile>
    <ClCompile Include="test_iterator.cpp">
      <Filter>tests</Filter>
    </ClCompile>
    <ClCompile Include="test_unicode.cpp">
      <Filter>tests</Filter>
    </ClCompile>
    <ClCompile Include="test_conversion.cpp">
      <Filter>tests</Filter>
    </ClCompile>
  </ItemGroup>
  <ItemGroup>
    <None Include="packages.config" />
  </ItemGroup>
  <ItemGroup>
    <ClInclude Include="..\include\jsonxx\json.hpp">
      <Filter>jsonxx</Filter>
    </ClInclude>
    <ClInclude Include="..\include\jsonxx\json_basic.hpp">
      <Filter>jsonxx</Filter>
    </ClInclude>
    <ClInclude Include="..\include\jsonxx\json_conversion.hpp">
      <Filter>jsonxx</Filter>
    </ClInclude>
    <ClInclude Include="..\include\jsonxx\json_declare.hpp">
      <Filter>jsonxx</Filter>
    </ClInclude>
    <ClInclude Include="..\include\jsonxx\json_encoding.hpp">
      <Filter>jsonxx</Filter>
    </ClInclude>
    <ClInclude Include="..\include\jsonxx\json_exception.hpp">
      <Filter>jsonxx</Filter>
    </ClInclude>
    <ClInclude Include="..\include\jsonxx\json_iterator.hpp">
      <Filter>jsonxx</Filter>
    </ClInclude>
    <ClInclude Include="..\include\jsonxx\json_parser.hpp">
      <Filter>jsonxx</Filter>
    </ClInclude>
    <ClInclude Include="..\include\jsonxx\json_serializer.hpp">
      <Filter>jsonxx</Filter>
    </ClInclude>
    <ClInclude Include="..\include\jsonxx\json_stream.hpp">
      <Filter>jsonxx</Filter>
    </ClInclude>
    <ClInclude Include="..\include\jsonxx\json_value.hpp">
      <Filter>jsonxx</Filter>
    </ClInclude>
    <ClInclude Include="common.h">
      <Filter>tests</Filter>
    </ClInclude>
  </ItemGroup>
</Project>