
Microsoft Visual Studio Solution File, Format Version 12.00
# Visual Studio Version 16
VisualStudioVersion = 16.0.31105.61
MinimumVisualStudioVersion = 10.0.40219.1
Project("587B0164-676B-4B08-82BB-41EBC4FABFE0}") = "jsonxx", "jsonxx.vcxproj", "{0B479F31-DCC9-4DA0-BFF5-9AC7D0663105}"
EndProject
Global
	GlobalSection(SolutionConfigurationPlatforms) = preSolution
		Debug|x64 = Debug|x64
		Debug|x86 = Debug|x86
		Release|x64 = Release|x64
		Release|x86 = Release|x86
	EndGlobalSection
	GlobalSection(ProjectConfigurationPlatforms) = postSolution
		{0B479F31-DCC9-4DA0-BFF5-9AC7D0663105}.Debug|x64.ActiveCfg = Debug|x64
		{0B479F31-DCC9-4DA0-BFF5-9AC7D0663105}.Debug|x64.Build.0 = Debug|x64
		{0B479F31-DCC9-4DA0-BFF5-9AC7D0663105}.Debug|x86.ActiveCfg = Debug|Win32
		{0B479F31-DCC9-4DA0-BFF5-9AC7D0663105}.Debug|x86.Build.0 = Debug|Win32
		{0B479F31-DCC9-4DA0-BFF5-9AC7D0663105}.Release|x64.ActiveCfg = Release|x64
		{0B479F31-DCC9-4DA0-BFF5-9AC7D0663105}.Release|x64.Build.0 = Release|x64
		{0B479F31-DCC9-4DA0-BFF5-9AC7D0663105}.Release|x86.ActiveCfg = Release|Win32
		{0B479F31-DCC9-4DA0-BFF5-9AC7D0663105}.Release|x86.Build.0 = Release|Win32
	EndGlobalSection
	GlobalSection(SolutionProperties) = preSolution
		HideSolutionNode = FALSE
	EndGlobalSection
	GlobalSection(ExtensibilityGlobals) = postSolution
		SolutionGuid = {DA8856D2-76AB-441E-9194-E3A628116247}
	EndGlobalSection
EndGlobal
